{
    "_meta": {
        "hash": {
            "sha256": "5211a58b8401f9c63450c1cc4c33a17caa3f3b1a6b58a7ea04cdddff23cefcec"
        },
        "pipfile-spec": 6,
        "requires": {
            "python_version": "^3.9"
        },
        "sources": [
            {
                "name": "pypi",
                "url": "https://pypi.org/simple",
                "verify_ssl": true
            }
        ]
    },
    "default": {},
    "develop": {}
}
