{
    "_meta": {
        "hash": {
            "sha256": "3f60cef556423ef861fe65f8fac04a2ab7afb801d8c7f001187e29ce63b42c40"
        },
        "pipfile-spec": 6,
        "requires": {
            "python_version": ">=3.8,<3.14"
        },
        "sources": [
            {
                "name": "pypi",
                "url": "https://pypi.org/simple",
                "verify_ssl": true
            }
        ]
    },
    "default": {},
    "develop": {}
}
