{
    "_meta": {
        "hash": {
            "sha256": "36e1c383c8f14d4e4b1d43774b9af054d8e0365c428949455cbbe4fa164cb539"
        },
        "pipfile-spec": 6,
        "requires": {
            "python_version": "3.13.0"
        },
        "sources": [
            {
                "name": "pypi",
                "url": "https://pypi.org/simple",
                "verify_ssl": true
            }
        ]
    },
    "default": {},
    "develop": {}
}
